// !$*UTF8*$!
{
	archiveVersion = 1;
	classes = {
	};
	objectVersion = 50;
	objects = {

/* Begin PBXBuildFile section */
		6BF89DFD2164D6CD004DC5CD /* AppDelegate.swift in Sources */ = {isa = PBXBuildFile; fileRef = 6BF89DFC2164D6CD004DC5CD /* AppDelegate.swift */; };
		6BF89E022164D6CD004DC5CD /* Main.storyboard in Resources */ = {isa = PBXBuildFile; fileRef = 6BF89E002164D6CD004DC5CD /* Main.storyboard */; };
		6BF89E052164D6CD004DC5CD /* AuctionApp.xcdatamodeld in Sources */ = {isa = PBXBuildFile; fileRef = 6BF89E032164D6CD004DC5CD /* AuctionApp.xcdatamodeld */; };
		6BF89E072164D6D3004DC5CD /* Assets.xcassets in Resources */ = {isa = PBXBuildFile; fileRef = 6BF89E062164D6D3004DC5CD /* Assets.xcassets */; };
		6BF89E0A2164D6D3004DC5CD /* LaunchScreen.storyboard in Resources */ = {isa = PBXBuildFile; fileRef = 6BF89E082164D6D3004DC5CD /* LaunchScreen.storyboard */; };
		6BF89E122164D948004DC5CD /* GoogleService-Info.plist in Resources */ = {isa = PBXBuildFile; fileRef = 6BF89E112164D948004DC5CD /* GoogleService-Info.plist */; };
		6BF89E142164DC90004DC5CD /* LoginViewController.swift in Sources */ = {isa = PBXBuildFile; fileRef = 6BF89E132164DC90004DC5CD /* LoginViewController.swift */; };
		6BF89E162164ECB6004DC5CD /* RegisterViewController.swift in Sources */ = {isa = PBXBuildFile; fileRef = 6BF89E152164ECB6004DC5CD /* RegisterViewController.swift */; };
		6BF89E182164F5E4004DC5CD /* ExtensionUITextField.swift in Sources */ = {isa = PBXBuildFile; fileRef = 6BF89E172164F5E4004DC5CD /* ExtensionUITextField.swift */; };
		6BF89E1A2164F81F004DC5CD /* ProductsViewController.swift in Sources */ = {isa = PBXBuildFile; fileRef = 6BF89E192164F81F004DC5CD /* ProductsViewController.swift */; };
		6BF89E1D21651B71004DC5CD /* ProductCollectionViewCell.swift in Sources */ = {isa = PBXBuildFile; fileRef = 6BF89E1B21651B71004DC5CD /* ProductCollectionViewCell.swift */; };
		6BF89E20216527A7004DC5CD /* Product.swift in Sources */ = {isa = PBXBuildFile; fileRef = 6BF89E1F216527A7004DC5CD /* Product.swift */; };
		6BF89E2221661EC6004DC5CD /* DetailOfProductViewController.swift in Sources */ = {isa = PBXBuildFile; fileRef = 6BF89E2121661EC6004DC5CD /* DetailOfProductViewController.swift */; };
		6BF89E2421663306004DC5CD /* AddProductViewController.swift in Sources */ = {isa = PBXBuildFile; fileRef = 6BF89E2321663306004DC5CD /* AddProductViewController.swift */; };
		6BF89E262166331D004DC5CD /* ProfileViewController.swift in Sources */ = {isa = PBXBuildFile; fileRef = 6BF89E252166331D004DC5CD /* ProfileViewController.swift */; };
		6BF89E2821668677004DC5CD /* User.swift in Sources */ = {isa = PBXBuildFile; fileRef = 6BF89E2721668677004DC5CD /* User.swift */; };
		6BF89E2C216C9E34004DC5CD /* BidModalViewController.swift in Sources */ = {isa = PBXBuildFile; fileRef = 6BF89E2B216C9E34004DC5CD /* BidModalViewController.swift */; };
		7CE441AE1A2783B9B99400BE /* Pods_AuctionApp.framework in Frameworks */ = {isa = PBXBuildFile; fileRef = 60A23CA3B32D82A89E55B583 /* Pods_AuctionApp.framework */; };
/* End PBXBuildFile section */

/* Begin PBXFileReference section */
		367A4533934AE5BFAAD524CB /* Pods-AuctionApp.release.xcconfig */ = {isa = PBXFileReference; includeInIndex = 1; lastKnownFileType = text.xcconfig; name = "Pods-AuctionApp.release.xcconfig"; path = "Pods/Target Support Files/Pods-AuctionApp/Pods-AuctionApp.release.xcconfig"; sourceTree = "<group>"; };
		3A27F15BCBD368C9C5969A8C /* Pods-AuctionApp.debug.xcconfig */ = {isa = PBXFileReference; includeInIndex = 1; lastKnownFileType = text.xcconfig; name = "Pods-AuctionApp.debug.xcconfig"; path = "Pods/Target Support Files/Pods-AuctionApp/Pods-AuctionApp.debug.xcconfig"; sourceTree = "<group>"; };
		60A23CA3B32D82A89E55B583 /* Pods_AuctionApp.framework */ = {isa = PBXFileReference; explicitFileType = wrapper.framework; includeInIndex = 0; path = Pods_AuctionApp.framework; sourceTree = BUILT_PRODUCTS_DIR; };
		6BF89DF92164D6CD004DC5CD /* AuctionApp.app */ = {isa = PBXFileReference; explicitFileType = wrapper.application; includeInIndex = 0; path = AuctionApp.app; sourceTree = BUILT_PRODUCTS_DIR; };
		6BF89DFC2164D6CD004DC5CD /* AppDelegate.swift */ = {isa = PBXFileReference; lastKnownFileType = sourcecode.swift; path = AppDelegate.swift; sourceTree = "<group>"; };
		6BF89E012164D6CD004DC5CD /* Base */ = {isa = PBXFileReference; lastKnownFileType = file.storyboard; name = Base; path = Base.lproj/Main.storyboard; sourceTree = "<group>"; };
		6BF89E042164D6CD004DC5CD /* AuctionApp.xcdatamodel */ = {isa = PBXFileReference; lastKnownFileType = wrapper.xcdatamodel; path = AuctionApp.xcdatamodel; sourceTree = "<group>"; };
		6BF89E062164D6D3004DC5CD /* Assets.xcassets */ = {isa = PBXFileReference; lastKnownFileType = folder.assetcatalog; path = Assets.xcassets; sourceTree = "<group>"; };
		6BF89E092164D6D3004DC5CD /* Base */ = {isa = PBXFileReference; lastKnownFileType = file.storyboard; name = Base; path = Base.lproj/LaunchScreen.storyboard; sourceTree = "<group>"; };
		6BF89E0B2164D6D3004DC5CD /* Info.plist */ = {isa = PBXFileReference; lastKnownFileType = text.plist.xml; path = Info.plist; sourceTree = "<group>"; };
		6BF89E112164D948004DC5CD /* GoogleService-Info.plist */ = {isa = PBXFileReference; fileEncoding = 4; lastKnownFileType = text.plist.xml; path = "GoogleService-Info.plist"; sourceTree = "<group>"; };
		6BF89E132164DC90004DC5CD /* LoginViewController.swift */ = {isa = PBXFileReference; lastKnownFileType = sourcecode.swift; path = LoginViewController.swift; sourceTree = "<group>"; };
		6BF89E152164ECB6004DC5CD /* RegisterViewController.swift */ = {isa = PBXFileReference; lastKnownFileType = sourcecode.swift; path = RegisterViewController.swift; sourceTree = "<group>"; };
		6BF89E172164F5E4004DC5CD /* ExtensionUITextField.swift */ = {isa = PBXFileReference; lastKnownFileType = sourcecode.swift; path = ExtensionUITextField.swift; sourceTree = "<group>"; };
		6BF89E192164F81F004DC5CD /* ProductsViewController.swift */ = {isa = PBXFileReference; lastKnownFileType = sourcecode.swift; path = ProductsViewController.swift; sourceTree = "<group>"; };
		6BF89E1B21651B71004DC5CD /* ProductCollectionViewCell.swift */ = {isa = PBXFileReference; lastKnownFileType = sourcecode.swift; path = ProductCollectionViewCell.swift; sourceTree = "<group>"; };
		6BF89E1F216527A7004DC5CD /* Product.swift */ = {isa = PBXFileReference; lastKnownFileType = sourcecode.swift; path = Product.swift; sourceTree = "<group>"; };
		6BF89E2121661EC6004DC5CD /* DetailOfProductViewController.swift */ = {isa = PBXFileReference; lastKnownFileType = sourcecode.swift; path = DetailOfProductViewController.swift; sourceTree = "<group>"; };
		6BF89E2321663306004DC5CD /* AddProductViewController.swift */ = {isa = PBXFileReference; lastKnownFileType = sourcecode.swift; path = AddProductViewController.swift; sourceTree = "<group>"; };
		6BF89E252166331D004DC5CD /* ProfileViewController.swift */ = {isa = PBXFileReference; lastKnownFileType = sourcecode.swift; path = ProfileViewController.swift; sourceTree = "<group>"; };
		6BF89E2721668677004DC5CD /* User.swift */ = {isa = PBXFileReference; lastKnownFileType = sourcecode.swift; path = User.swift; sourceTree = "<group>"; };
		6BF89E2B216C9E34004DC5CD /* BidModalViewController.swift */ = {isa = PBXFileReference; lastKnownFileType = sourcecode.swift; path = BidModalViewController.swift; sourceTree = "<group>"; };
/* End PBXFileReference section */

/* Begin PBXFrameworksBuildPhase section */
		6BF89DF62164D6CD004DC5CD /* Frameworks */ = {
			isa = PBXFrameworksBuildPhase;
			buildActionMask = 2147483647;
			files = (
				7CE441AE1A2783B9B99400BE /* Pods_AuctionApp.framework in Frameworks */,
			);
			runOnlyForDeploymentPostprocessing = 0;
		};
/* End PBXFrameworksBuildPhase section */

/* Begin PBXGroup section */
		6969D9800E32CDD61294EBE5 /* Frameworks */ = {
			isa = PBXGroup;
			children = (
				60A23CA3B32D82A89E55B583 /* Pods_AuctionApp.framework */,
			);
			name = Frameworks;
			sourceTree = "<group>";
		};
		6BF89DF02164D6CD004DC5CD = {
			isa = PBXGroup;
			children = (
				6BF89DFB2164D6CD004DC5CD /* AuctionApp */,
				6BF89DFA2164D6CD004DC5CD /* Products */,
				E3B7004672664745E9A8BB5B /* Pods */,
				6969D9800E32CDD61294EBE5 /* Frameworks */,
			);
			sourceTree = "<group>";
		};
		6BF89DFA2164D6CD004DC5CD /* Products */ = {
			isa = PBXGroup;
			children = (
				6BF89DF92164D6CD004DC5CD /* AuctionApp.app */,
			);
			name = Products;
			sourceTree = "<group>";
		};
		6BF89DFB2164D6CD004DC5CD /* AuctionApp */ = {
			isa = PBXGroup;
			children = (
				6BF89DFC2164D6CD004DC5CD /* AppDelegate.swift */,
				6BF89E29216C9D9F004DC5CD /* Controllers */,
				6BF89E002164D6CD004DC5CD /* Main.storyboard */,
				6BF89E062164D6D3004DC5CD /* Assets.xcassets */,
				6BF89E082164D6D3004DC5CD /* LaunchScreen.storyboard */,
				6BF89E0B2164D6D3004DC5CD /* Info.plist */,
				6BF89E112164D948004DC5CD /* GoogleService-Info.plist */,
				6BF89E032164D6CD004DC5CD /* AuctionApp.xcdatamodeld */,
				6BF89E30216CFB48004DC5CD /* Cells */,
				6BF89E2F216CFB2A004DC5CD /* Extensions */,
				6BF89E2A216C9DCC004DC5CD /* Models */,
			);
			path = AuctionApp;
			sourceTree = "<group>";
		};
		6BF89E29216C9D9F004DC5CD /* Controllers */ = {
			isa = PBXGroup;
			children = (
				6BF89E132164DC90004DC5CD /* LoginViewController.swift */,
				6BF89E152164ECB6004DC5CD /* RegisterViewController.swift */,
				6BF89E192164F81F004DC5CD /* ProductsViewController.swift */,
				6BF89E2121661EC6004DC5CD /* DetailOfProductViewController.swift */,
				6BF89E2321663306004DC5CD /* AddProductViewController.swift */,
				6BF89E252166331D004DC5CD /* ProfileViewController.swift */,
				6BF89E2B216C9E34004DC5CD /* BidModalViewController.swift */,
			);
			path = Controllers;
			sourceTree = "<group>";
		};
		6BF89E2A216C9DCC004DC5CD /* Models */ = {
			isa = PBXGroup;
			children = (
				6BF89E1F216527A7004DC5CD /* Product.swift */,
				6BF89E2721668677004DC5CD /* User.swift */,
			);
			path = Models;
			sourceTree = "<group>";
		};
		6BF89E2F216CFB2A004DC5CD /* Extensions */ = {
			isa = PBXGroup;
			children = (
				6BF89E172164F5E4004DC5CD /* ExtensionUITextField.swift */,
			);
			path = Extensions;
			sourceTree = "<group>";
		};
		6BF89E30216CFB48004DC5CD /* Cells */ = {
			isa = PBXGroup;
			children = (
				6BF89E1B21651B71004DC5CD /* ProductCollectionViewCell.swift */,
			);
			path = Cells;
			sourceTree = "<group>";
		};
		E3B7004672664745E9A8BB5B /* Pods */ = {
			isa = PBXGroup;
			children = (
				3A27F15BCBD368C9C5969A8C /* Pods-AuctionApp.debug.xcconfig */,
				367A4533934AE5BFAAD524CB /* Pods-AuctionApp.release.xcconfig */,
			);
			name = Pods;
			sourceTree = "<group>";
		};
/* End PBXGroup section */

/* Begin PBXNativeTarget section */
		6BF89DF82164D6CD004DC5CD /* AuctionApp */ = {
			isa = PBXNativeTarget;
			buildConfigurationList = 6BF89E0E2164D6D3004DC5CD /* Build configuration list for PBXNativeTarget "AuctionApp" */;
			buildPhases = (
				396DD8C12DC2E8DBB776B559 /* [CP] Check Pods Manifest.lock */,
				6BF89DF52164D6CD004DC5CD /* Sources */,
				6BF89DF62164D6CD004DC5CD /* Frameworks */,
				6BF89DF72164D6CD004DC5CD /* Resources */,
				9C64CA71714C832A53EC033B /* [CP] Embed Pods Frameworks */,
			);
			buildRules = (
			);
			dependencies = (
			);
			name = AuctionApp;
			productName = AuctionApp;
			productReference = 6BF89DF92164D6CD004DC5CD /* AuctionApp.app */;
			productType = "com.apple.product-type.application";
		};
/* End PBXNativeTarget section */

/* Begin PBXProject section */
		6BF89DF12164D6CD004DC5CD /* Project object */ = {
			isa = PBXProject;
			attributes = {
				LastSwiftUpdateCheck = 1000;
				LastUpgradeCheck = 1000;
				ORGANIZATIONNAME = "Daniel Fratila";
				TargetAttributes = {
					6BF89DF82164D6CD004DC5CD = {
						CreatedOnToolsVersion = 10.0;
					};
				};
			};
			buildConfigurationList = 6BF89DF42164D6CD004DC5CD /* Build configuration list for PBXProject "AuctionApp" */;
			compatibilityVersion = "Xcode 9.3";
			developmentRegion = en;
			hasScannedForEncodings = 0;
			knownRegions = (
				en,
				Base,
			);
			mainGroup = 6BF89DF02164D6CD004DC5CD;
			productRefGroup = 6BF89DFA2164D6CD004DC5CD /* Products */;
			projectDirPath = "";
			projectRoot = "";
			targets = (
				6BF89DF82164D6CD004DC5CD /* AuctionApp */,
			);
		};
/* End PBXProject section */

/* Begin PBXResourcesBuildPhase section */
		6BF89DF72164D6CD004DC5CD /* Resources */ = {
			isa = PBXResourcesBuildPhase;
			buildActionMask = 2147483647;
			files = (
				6BF89E0A2164D6D3004DC5CD /* LaunchScreen.storyboard in Resources */,
				6BF89E122164D948004DC5CD /* GoogleService-Info.plist in Resources */,
				6BF89E072164D6D3004DC5CD /* Assets.xcassets in Resources */,
				6BF89E022164D6CD004DC5CD /* Main.storyboard in Resources */,
			);
			runOnlyForDeploymentPostprocessing = 0;
		};
/* End PBXResourcesBuildPhase section */

/* Begin PBXShellScriptBuildPhase section */
		396DD8C12DC2E8DBB776B559 /* [CP] Check Pods Manifest.lock */ = {
			isa = PBXShellScriptBuildPhase;
			buildActionMask = 2147483647;
			files = (
			);
			inputFileListPaths = (
			);
			inputPaths = (
				"${PODS_PODFILE_DIR_PATH}/Podfile.lock",
				"${PODS_ROOT}/Manifest.lock",
			);
			name = "[CP] Check Pods Manifest.lock";
			outputFileListPaths = (
			);
			outputPaths = (
				"$(DERIVED_FILE_DIR)/Pods-AuctionApp-checkManifestLockResult.txt",
			);
			runOnlyForDeploymentPostprocessing = 0;
			shellPath = /bin/sh;
			shellScript = "diff \"${PODS_PODFILE_DIR_PATH}/Podfile.lock\" \"${PODS_ROOT}/Manifest.lock\" > /dev/null\nif [ $? != 0 ] ; then\n    # print error to STDERR\n    echo \"error: The sandbox is not in sync with the Podfile.lock. Run 'pod install' or update your CocoaPods installation.\" >&2\n    exit 1\nfi\n# This output is used by Xcode 'outputs' to avoid re-running this script phase.\necho \"SUCCESS\" > \"${SCRIPT_OUTPUT_FILE_0}\"\n";
			showEnvVarsInLog = 0;
		};
		9C64CA71714C832A53EC033B /* [CP] Embed Pods Frameworks */ = {
			isa = PBXShellScriptBuildPhase;
			buildActionMask = 2147483647;
			files = (
			);
			inputFileListPaths = (
			);
			inputPaths = (
				"${SRCROOT}/Pods/Target Support Files/Pods-AuctionApp/Pods-AuctionApp-frameworks.sh",
				"${BUILT_PRODUCTS_DIR}/GTMSessionFetcher/GTMSessionFetcher.framework",
				"${BUILT_PRODUCTS_DIR}/GoogleUtilities/GoogleUtilities.framework",
				"${BUILT_PRODUCTS_DIR}/leveldb-library/leveldb.framework",
				"${BUILT_PRODUCTS_DIR}/nanopb/nanopb.framework",
			);
			name = "[CP] Embed Pods Frameworks";
			outputFileListPaths = (
			);
			outputPaths = (
				"${TARGET_BUILD_DIR}/${FRAMEWORKS_FOLDER_PATH}/GTMSessionFetcher.framework",
				"${TARGET_BUILD_DIR}/${FRAMEWORKS_FOLDER_PATH}/GoogleUtilities.framework",
				"${TARGET_BUILD_DIR}/${FRAMEWORKS_FOLDER_PATH}/leveldb.framework",
				"${TARGET_BUILD_DIR}/${FRAMEWORKS_FOLDER_PATH}/nanopb.framework",
			);
			runOnlyForDeploymentPostprocessing = 0;
			shellPath = /bin/sh;
			shellScript = "\"${SRCROOT}/Pods/Target Support Files/Pods-AuctionApp/Pods-AuctionApp-frameworks.sh\"\n";
			showEnvVarsInLog = 0;
		};
/* End PBXShellScriptBuildPhase section */

/* Begin PBXSourcesBuildPhase section */
		6BF89DF52164D6CD004DC5CD /* Sources */ = {
			isa = PBXSourcesBuildPhase;
			buildActionMask = 2147483647;
			files = (
				6BF89E2221661EC6004DC5CD /* DetailOfProductViewController.swift in Sources */,
				6BF89E1A2164F81F004DC5CD /* ProductsViewController.swift in Sources */,
				6BF89E2421663306004DC5CD /* AddProductViewController.swift in Sources */,
				6BF89E20216527A7004DC5CD /* Product.swift in Sources */,
				6BF89E142164DC90004DC5CD /* LoginViewController.swift in Sources */,
				6BF89E1D21651B71004DC5CD /* ProductCollectionViewCell.swift in Sources */,
				6BF89E262166331D004DC5CD /* ProfileViewController.swift in Sources */,
				6BF89E2C216C9E34004DC5CD /* BidModalViewController.swift in Sources */,
				6BF89E182164F5E4004DC5CD /* ExtensionUITextField.swift in Sources */,
				6BF89E2821668677004DC5CD /* User.swift in Sources */,
				6BF89DFD2164D6CD004DC5CD /* AppDelegate.swift in Sources */,
				6BF89E052164D6CD004DC5CD /* AuctionApp.xcdatamodeld in Sources */,
				6BF89E162164ECB6004DC5CD /* RegisterViewController.swift in Sources */,
			);
			runOnlyForDeploymentPostprocessing = 0;
		};
/* End PBXSourcesBuildPhase section */

/* Begin PBXVariantGroup section */
		6BF89E002164D6CD004DC5CD /* Main.storyboard */ = {
			isa = PBXVariantGroup;
			children = (
				6BF89E012164D6CD004DC5CD /* Base */,
			);
			name = Main.storyboard;
			sourceTree = "<group>";
		};
		6BF89E082164D6D3004DC5CD /* LaunchScreen.storyboard */ = {
			isa = PBXVariantGroup;
			children = (
				6BF89E092164D6D3004DC5CD /* Base */,
			);
			name = LaunchScreen.storyboard;
			sourceTree = "<group>";
		};
/* End PBXVariantGroup section */

/* Begin XCBuildConfiguration section */
		6BF89E0C2164D6D3004DC5CD /* Debug */ = {
			isa = XCBuildConfiguration;
			buildSettings = {
				ALWAYS_SEARCH_USER_PATHS = NO;
				CLANG_ANALYZER_NONNULL = YES;
				CLANG_ANALYZER_NUMBER_OBJECT_CONVERSION = YES_AGGRESSIVE;
				CLANG_CXX_LANGUAGE_STANDARD = "gnu++14";
				CLANG_CXX_LIBRARY = "libc++";
				CLANG_ENABLE_MODULES = YES;
				CLANG_ENABLE_OBJC_ARC = YES;
				CLANG_ENABLE_OBJC_WEAK = YES;
				CLANG_WARN_BLOCK_CAPTURE_AUTORELEASING = YES;
				CLANG_WARN_BOOL_CONVERSION = YES;
				CLANG_WARN_COMMA = YES;
				CLANG_WARN_CONSTANT_CONVERSION = YES;
				CLANG_WARN_DEPRECATED_OBJC_IMPLEMENTATIONS = YES;
				CLANG_WARN_DIRECT_OBJC_ISA_USAGE = YES_ERROR;
				CLANG_WARN_DOCUMENTATION_COMMENTS = YES;
				CLANG_WARN_EMPTY_BODY = YES;
				CLANG_WARN_ENUM_CONVERSION = YES;
				CLANG_WARN_INFINITE_RECURSION = YES;
				CLANG_WARN_INT_CONVERSION = YES;
				CLANG_WARN_NON_LITERAL_NULL_CONVERSION = YES;
				CLANG_WARN_OBJC_IMPLICIT_RETAIN_SELF = YES;
				CLANG_WARN_OBJC_LITERAL_CONVERSION = YES;
				CLANG_WARN_OBJC_ROOT_CLASS = YES_ERROR;
				CLANG_WARN_RANGE_LOOP_ANALYSIS = YES;
				CLANG_WARN_STRICT_PROTOTYPES = YES;
				CLANG_WARN_SUSPICIOUS_MOVE = YES;
				CLANG_WARN_UNGUARDED_AVAILABILITY = YES_AGGRESSIVE;
				CLANG_WARN_UNREACHABLE_CODE = YES;
				CLANG_WARN__DUPLICATE_METHOD_MATCH = YES;
				CODE_SIGN_IDENTITY = "iPhone Developer";
				COPY_PHASE_STRIP = NO;
				DEBUG_INFORMATION_FORMAT = dwarf;
				ENABLE_STRICT_OBJC_MSGSEND = YES;
				ENABLE_TESTABILITY = YES;
				GCC_C_LANGUAGE_STANDARD = gnu11;
				GCC_DYNAMIC_NO_PIC = NO;
				GCC_NO_COMMON_BLOCKS = YES;
				GCC_OPTIMIZATION_LEVEL = 0;
				GCC_PREPROCESSOR_DEFINITIONS = (
					"DEBUG=1",
					"$(inherited)",
				);
				GCC_WARN_64_TO_32_BIT_CONVERSION = YES;
				GCC_WARN_ABOUT_RETURN_TYPE = YES_ERROR;
				GCC_WARN_UNDECLARED_SELECTOR = YES;
				GCC_WARN_UNINITIALIZED_AUTOS = YES_AGGRESSIVE;
				GCC_WARN_UNUSED_FUNCTION = YES;
				GCC_WARN_UNUSED_VARIABLE = YES;
				IPHONEOS_DEPLOYMENT_TARGET = 12.0;
				MTL_ENABLE_DEBUG_INFO = INCLUDE_SOURCE;
				MTL_FAST_MATH = YES;
				ONLY_ACTIVE_ARCH = YES;
				SDKROOT = iphoneos;
				SWIFT_ACTIVE_COMPILATION_CONDITIONS = DEBUG;
				SWIFT_OPTIMIZATION_LEVEL = "-Onone";
			};
			name = Debug;
		};
		6BF89E0D2164D6D3004DC5CD /* Release */ = {
			isa = XCBuildConfiguration;
			buildSettings = {
				ALWAYS_SEARCH_USER_PATHS = NO;
				CLANG_ANALYZER_NONNULL = YES;
				CLANG_ANALYZER_NUMBER_OBJECT_CONVERSION = YES_AGGRESSIVE;
				CLANG_CXX_LANGUAGE_STANDARD = "gnu++14";
				CLANG_CXX_LIBRARY = "libc++";
				CLANG_ENABLE_MODULES = YES;
				CLANG_ENABLE_OBJC_ARC = YES;
				CLANG_ENABLE_OBJC_WEAK = YES;
				CLANG_WARN_BLOCK_CAPTURE_AUTORELEASING = YES;
				CLANG_WARN_BOOL_CONVERSION = YES;
				CLANG_WARN_COMMA = YES;
				CLANG_WARN_CONSTANT_CONVERSION = YES;
				CLANG_WARN_DEPRECATED_OBJC_IMPLEMENTATIONS = YES;
				CLANG_WARN_DIRECT_OBJC_ISA_USAGE = YES_ERROR;
				CLANG_WARN_DOCUMENTATION_COMMENTS = YES;
				CLANG_WARN_EMPTY_BODY = YES;
				CLANG_WARN_ENUM_CONVERSION = YES;
				CLANG_WARN_INFINITE_RECURSION = YES;
				CLANG_WARN_INT_CONVERSION = YES;
				CLANG_WARN_NON_LITERAL_NULL_CONVERSION = YES;
				CLANG_WARN_OBJC_IMPLICIT_RETAIN_SELF = YES;
				CLANG_WARN_OBJC_LITERAL_CONVERSION = YES;
				CLANG_WARN_OBJC_ROOT_CLASS = YES_ERROR;
				CLANG_WARN_RANGE_LOOP_ANALYSIS = YES;
				CLANG_WARN_STRICT_PROTOTYPES = YES;
				CLANG_WARN_SUSPICIOUS_MOVE = YES;
				CLANG_WARN_UNGUARDED_AVAILABILITY = YES_AGGRESSIVE;
				CLANG_WARN_UNREACHABLE_CODE = YES;
				CLANG_WARN__DUPLICATE_METHOD_MATCH = YES;
				CODE_SIGN_IDENTITY = "iPhone Developer";
				COPY_PHASE_STRIP = NO;
				DEBUG_INFORMATION_FORMAT = "dwarf-with-dsym";
				ENABLE_NS_ASSERTIONS = NO;
				ENABLE_STRICT_OBJC_MSGSEND = YES;
				GCC_C_LANGUAGE_STANDARD = gnu11;
				GCC_NO_COMMON_BLOCKS = YES;
				GCC_WARN_64_TO_32_BIT_CONVERSION = YES;
				GCC_WARN_ABOUT_RETURN_TYPE = YES_ERROR;
				GCC_WARN_UNDECLARED_SELECTOR = YES;
				GCC_WARN_UNINITIALIZED_AUTOS = YES_AGGRESSIVE;
				GCC_WARN_UNUSED_FUNCTION = YES;
				GCC_WARN_UNUSED_VARIABLE = YES;
				IPHONEOS_DEPLOYMENT_TARGET = 12.0;
				MTL_ENABLE_DEBUG_INFO = NO;
				MTL_FAST_MATH = YES;
				SDKROOT = iphoneos;
				SWIFT_COMPILATION_MODE = wholemodule;
				SWIFT_OPTIMIZATION_LEVEL = "-O";
				VALIDATE_PRODUCT = YES;
			};
			name = Release;
		};
		6BF89E0F2164D6D3004DC5CD /* Debug */ = {
			isa = XCBuildConfiguration;
			baseConfigurationReference = 3A27F15BCBD368C9C5969A8C /* Pods-AuctionApp.debug.xcconfig */;
			buildSettings = {
				ASSETCATALOG_COMPILER_APPICON_NAME = AppIcon;
				CODE_SIGN_STYLE = Automatic;
				DEVELOPMENT_TEAM = H44834TUF5;
				INFOPLIST_FILE = AuctionApp/Info.plist;
				IPHONEOS_DEPLOYMENT_TARGET = 10.0;
				LD_RUNPATH_SEARCH_PATHS = (
					"$(inherited)",
					"@executable_path/Frameworks",
				);
				PRODUCT_BUNDLE_IDENTIFIER = danielfratila.AuctionApp;
				PRODUCT_NAME = "$(TARGET_NAME)";
				SWIFT_VERSION = 4.2;
				TARGETED_DEVICE_FAMILY = "1,2";
			};
			name = Debug;
		};
		6BF89E102164D6D3004DC5CD /* Release */ = {
			isa = XCBuildConfiguration;
			baseConfigurationReference = 367A4533934AE5BFAAD524CB /* Pods-AuctionApp.release.xcconfig */;
			buildSettings = {
				ASSETCATALOG_COMPILER_APPICON_NAME = AppIcon;
				CODE_SIGN_STYLE = Automatic;
				DEVELOPMENT_TEAM = H44834TUF5;
				INFOPLIST_FILE = AuctionApp/Info.plist;
				IPHONEOS_DEPLOYMENT_TARGET = 10.0;
				LD_RUNPATH_SEARCH_PATHS = (
					"$(inherited)",
					"@executable_path/Frameworks",
				);
				PRODUCT_BUNDLE_IDENTIFIER = danielfratila.AuctionApp;
				PRODUCT_NAME = "$(TARGET_NAME)";
				SWIFT_VERSION = 4.2;
				TARGETED_DEVICE_FAMILY = "1,2";
			};
			name = Release;
		};
/* End XCBuildConfiguration section */

/* Begin XCConfigurationList section */
		6BF89DF42164D6CD004DC5CD /* Build configuration list for PBXProject "AuctionApp" */ = {
			isa = XCConfigurationList;
			buildConfigurations = (
				6BF89E0C2164D6D3004DC5CD /* Debug */,
				6BF89E0D2164D6D3004DC5CD /* Release */,
			);
			defaultConfigurationIsVisible = 0;
			defaultConfigurationName = Release;
		};
		6BF89E0E2164D6D3004DC5CD /* Build configuration list for PBXNativeTarget "AuctionApp" */ = {
			isa = XCConfigurationList;
			buildConfigurations = (
				6BF89E0F2164D6D3004DC5CD /* Debug */,
				6BF89E102164D6D3004DC5CD /* Release */,
			);
			defaultConfigurationIsVisible = 0;
			defaultConfigurationName = Release;
		};
/* End XCConfigurationList section */

/* Begin XCVersionGroup section */
		6BF89E032164D6CD004DC5CD /* AuctionApp.xcdatamodeld */ = {
			isa = XCVersionGroup;
			children = (
				6BF89E042164D6CD004DC5CD /* AuctionApp.xcdatamodel */,
			);
			currentVersion = 6BF89E042164D6CD004DC5CD /* AuctionApp.xcdatamodel */;
			path = AuctionApp.xcdatamodeld;
			sourceTree = "<group>";
			versionGroupType = wrapper.xcdatamodel;
		};
/* End XCVersionGroup section */
	};
	rootObject = 6BF89DF12164D6CD004DC5CD /* Project object */;
}
